
Microsoft Visual Studio Solution File, Format Version 12.00
Project("{FAE04EC0-301F-11D3-BF4B-00C04F79EFBC}") = "Domain", "Domain\Domain.csproj", "{45BF28ED-5A60-489E-93C0-8027E2238F1A}"
EndProject
Project("{FAE04EC0-301F-11D3-BF4B-00C04F79EFBC}") = "FileData", "FileData\FileData.csproj", "{C51AA22D-45F2-4FA0-9200-A59629B54E22}"
EndProject
Project("{FAE04EC0-301F-11D3-BF4B-00C04F79EFBC}") = "WebAPI", "WebAPI\WebAPI.csproj", "{99CF563B-6777-4AE8-9F20-4DDBAD4F3A69}"
EndProject
Project("{FAE04EC0-301F-11D3-BF4B-00C04F79EFBC}") = "Application", "Application\Application.csproj", "{E146DA76-D9A4-4BCD-A1E6-F33D1D207CD8}"
EndProject
Project("{FAE04EC0-301F-11D3-BF4B-00C04F79EFBC}") = "Shared", "Shared\Shared.csproj", "{7ABCDB69-8F84-494A-8756-1A89AFBB41F2}"
EndProject
Project("{FAE04EC0-301F-11D3-BF4B-00C04F79EFBC}") = "BlazorApp", "BlazorApp\BlazorApp.csproj", "{CDE35E87-B3BA-4759-B55A-1BDFF81D710C}"
EndProject
Project("{FAE04EC0-301F-11D3-BF4B-00C04F79EFBC}") = "EfcDataAccess", "EfcDataAccess\EfcDataAccess.csproj", "{67F7FB3B-8BEC-48AC-98C3-B1750C5E500F}"
EndProject
Global
	GlobalSection(SolutionConfigurationPlatforms) = preSolution
		Debug|Any CPU = Debug|Any CPU
		Release|Any CPU = Release|Any CPU
	EndGlobalSection
	GlobalSection(ProjectConfigurationPlatforms) = postSolution
		{45BF28ED-5A60-489E-93C0-8027E2238F1A}.Debug|Any CPU.ActiveCfg = Debug|Any CPU
		{45BF28ED-5A60-489E-93C0-8027E2238F1A}.Debug|Any CPU.Build.0 = Debug|Any CPU
		{45BF28ED-5A60-489E-93C0-8027E2238F1A}.Release|Any CPU.ActiveCfg = Release|Any CPU
		{45BF28ED-5A60-489E-93C0-8027E2238F1A}.Release|Any CPU.Build.0 = Release|Any CPU
		{C51AA22D-45F2-4FA0-9200-A59629B54E22}.Debug|Any CPU.ActiveCfg = Debug|Any CPU
		{C51AA22D-45F2-4FA0-9200-A59629B54E22}.Debug|Any CPU.Build.0 = Debug|Any CPU
		{C51AA22D-45F2-4FA0-9200-A59629B54E22}.Release|Any CPU.ActiveCfg = Release|Any CPU
		{C51AA22D-45F2-4FA0-9200-A59629B54E22}.Release|Any CPU.Build.0 = Release|Any CPU
		{99CF563B-6777-4AE8-9F20-4DDBAD4F3A69}.Debug|Any CPU.ActiveCfg = Debug|Any CPU
		{99CF563B-6777-4AE8-9F20-4DDBAD4F3A69}.Debug|Any CPU.Build.0 = Debug|Any CPU
		{99CF563B-6777-4AE8-9F20-4DDBAD4F3A69}.Release|Any CPU.ActiveCfg = Release|Any CPU
		{99CF563B-6777-4AE8-9F20-4DDBAD4F3A69}.Release|Any CPU.Build.0 = Release|Any CPU
		{E146DA76-D9A4-4BCD-A1E6-F33D1D207CD8}.Debug|Any CPU.ActiveCfg = Debug|Any CPU
		{E146DA76-D9A4-4BCD-A1E6-F33D1D207CD8}.Debug|Any CPU.Build.0 = Debug|Any CPU
		{E146DA76-D9A4-4BCD-A1E6-F33D1D207CD8}.Release|Any CPU.ActiveCfg = Release|Any CPU
		{E146DA76-D9A4-4BCD-A1E6-F33D1D207CD8}.Release|Any CPU.Build.0 = Release|Any CPU
		{7ABCDB69-8F84-494A-8756-1A89AFBB41F2}.Debug|Any CPU.ActiveCfg = Debug|Any CPU
		{7ABCDB69-8F84-494A-8756-1A89AFBB41F2}.Debug|Any CPU.Build.0 = Debug|Any CPU
		{7ABCDB69-8F84-494A-8756-1A89AFBB41F2}.Release|Any CPU.ActiveCfg = Release|Any CPU
		{7ABCDB69-8F84-494A-8756-1A89AFBB41F2}.Release|Any CPU.Build.0 = Release|Any CPU
		{CDE35E87-B3BA-4759-B55A-1BDFF81D710C}.Debug|Any CPU.ActiveCfg = Debug|Any CPU
		{CDE35E87-B3BA-4759-B55A-1BDFF81D710C}.Debug|Any CPU.Build.0 = Debug|Any CPU
		{CDE35E87-B3BA-4759-B55A-1BDFF81D710C}.Release|Any CPU.ActiveCfg = Release|Any CPU
		{CDE35E87-B3BA-4759-B55A-1BDFF81D710C}.Release|Any CPU.Build.0 = Release|Any CPU
		{67F7FB3B-8BEC-48AC-98C3-B1750C5E500F}.Debug|Any CPU.ActiveCfg = Debug|Any CPU
		{67F7FB3B-8BEC-48AC-98C3-B1750C5E500F}.Debug|Any CPU.Build.0 = Debug|Any CPU
		{67F7FB3B-8BEC-48AC-98C3-B1750C5E500F}.Release|Any CPU.ActiveCfg = Release|Any CPU
		{67F7FB3B-8BEC-48AC-98C3-B1750C5E500F}.Release|Any CPU.Build.0 = Release|Any CPU
	EndGlobalSection
EndGlobal
